// !$*UTF8*$!
{
	archiveVersion = 1;
	classes = {
	};
	objectVersion = 48;
	objects = {

/* Begin PBXBuildFile section */
		761221101FD12928001442A3 /* AppDelegate.m in Sources */ = {isa = PBXBuildFile; fileRef = 7612210F1FD12928001442A3 /* AppDelegate.m */; };
		761221131FD12928001442A3 /* ViewController.m in Sources */ = {isa = PBXBuildFile; fileRef = 761221121FD12928001442A3 /* ViewController.m */; };
		761221161FD12928001442A3 /* Main.storyboard in Resources */ = {isa = PBXBuildFile; fileRef = 761221141FD12928001442A3 /* Main.storyboard */; };
		761221181FD12928001442A3 /* Assets.xcassets in Resources */ = {isa = PBXBuildFile; fileRef = 761221171FD12928001442A3 /* Assets.xcassets */; };
		7612211B1FD12928001442A3 /* LaunchScreen.storyboard in Resources */ = {isa = PBXBuildFile; fileRef = 761221191FD12928001442A3 /* LaunchScreen.storyboard */; };
		7612211E1FD12928001442A3 /* main.m in Sources */ = {isa = PBXBuildFile; fileRef = 7612211D1FD12928001442A3 /* main.m */; };
		761221271FD12997001442A3 /* DHUserDefaults.m in Sources */ = {isa = PBXBuildFile; fileRef = 761221261FD12997001442A3 /* DHUserDefaults.m */; };
		F030F02180DE054DB84CF060 /* libPods-DHUserDefaults.a in Frameworks */ = {isa = PBXBuildFile; fileRef = C84ADC574AA881C0FC57C893 /* libPods-DHUserDefaults.a */; };
/* End PBXBuildFile section */

/* Begin PBXFileReference section */
		7612210B1FD12928001442A3 /* DHUserDefaults.app */ = {isa = PBXFileReference; explicitFileType = wrapper.application; includeInIndex = 0; path = DHUserDefaults.app; sourceTree = BUILT_PRODUCTS_DIR; };
		7612210E1FD12928001442A3 /* AppDelegate.h */ = {isa = PBXFileReference; lastKnownFileType = sourcecode.c.h; path = AppDelegate.h; sourceTree = "<group>"; };
		7612210F1FD12928001442A3 /* AppDelegate.m */ = {isa = PBXFileReference; lastKnownFileType = sourcecode.c.objc; path = AppDelegate.m; sourceTree = "<group>"; };
		761221111FD12928001442A3 /* ViewController.h */ = {isa = PBXFileReference; lastKnownFileType = sourcecode.c.h; path = ViewController.h; sourceTree = "<group>"; };
		761221121FD12928001442A3 /* ViewController.m */ = {isa = PBXFileReference; lastKnownFileType = sourcecode.c.objc; path = ViewController.m; sourceTree = "<group>"; };
		761221151FD12928001442A3 /* Base */ = {isa = PBXFileReference; lastKnownFileType = file.storyboard; name = Base; path = Base.lproj/Main.storyboard; sourceTree = "<group>"; };
		761221171FD12928001442A3 /* Assets.xcassets */ = {isa = PBXFileReference; lastKnownFileType = folder.assetcatalog; path = Assets.xcassets; sourceTree = "<group>"; };
		7612211A1FD12928001442A3 /* Base */ = {isa = PBXFileReference; lastKnownFileType = file.storyboard; name = Base; path = Base.lproj/LaunchScreen.storyboard; sourceTree = "<group>"; };
		7612211C1FD12928001442A3 /* Info.plist */ = {isa = PBXFileReference; lastKnownFileType = text.plist.xml; path = Info.plist; sourceTree = "<group>"; };
		7612211D1FD12928001442A3 /* main.m */ = {isa = PBXFileReference; lastKnownFileType = sourcecode.c.objc; path = main.m; sourceTree = "<group>"; };
		761221251FD12997001442A3 /* DHUserDefaults.h */ = {isa = PBXFileReference; lastKnownFileType = sourcecode.c.h; path = DHUserDefaults.h; sourceTree = "<group>"; };
		761221261FD12997001442A3 /* DHUserDefaults.m */ = {isa = PBXFileReference; lastKnownFileType = sourcecode.c.objc; path = DHUserDefaults.m; sourceTree = "<group>"; };
		C84ADC574AA881C0FC57C893 /* libPods-DHUserDefaults.a */ = {isa = PBXFileReference; explicitFileType = archive.ar; includeInIndex = 0; path = "libPods-DHUserDefaults.a"; sourceTree = BUILT_PRODUCTS_DIR; };
		D5B70E092593D817DEA7EF3F /* Pods-DHUserDefaults.release.xcconfig */ = {isa = PBXFileReference; includeInIndex = 1; lastKnownFileType = text.xcconfig; name = "Pods-DHUserDefaults.release.xcconfig"; path = "Pods/Target Support Files/Pods-DHUserDefaults/Pods-DHUserDefaults.release.xcconfig"; sourceTree = "<group>"; };
		D6BDB249F8064E52544597B4 /* Pods-DHUserDefaults.debug.xcconfig */ = {isa = PBXFileReference; includeInIndex = 1; lastKnownFileType = text.xcconfig; name = "Pods-DHUserDefaults.debug.xcconfig"; path = "Pods/Target Support Files/Pods-DHUserDefaults/Pods-DHUserDefaults.debug.xcconfig"; sourceTree = "<group>"; };
/* End PBXFileReference section */

/* Begin PBXFrameworksBuildPhase section */
		761221081FD12928001442A3 /* Frameworks */ = {
			isa = PBXFrameworksBuildPhase;
			buildActionMask = 2147483647;
			files = (
				F030F02180DE054DB84CF060 /* libPods-DHUserDefaults.a in Frameworks */,
			);
			runOnlyForDeploymentPostprocessing = 0;
		};
/* End PBXFrameworksBuildPhase section */

/* Begin PBXGroup section */
		4069A033B3C3FE1AA77893C4 /* Pods */ = {
			isa = PBXGroup;
			children = (
				D6BDB249F8064E52544597B4 /* Pods-DHUserDefaults.debug.xcconfig */,
				D5B70E092593D817DEA7EF3F /* Pods-DHUserDefaults.release.xcconfig */,
			);
			name = Pods;
			sourceTree = "<group>";
		};
		761221021FD12928001442A3 = {
			isa = PBXGroup;
			children = (
				7612210D1FD12928001442A3 /* DHUserDefaults */,
				7612210C1FD12928001442A3 /* Products */,
				4069A033B3C3FE1AA77893C4 /* Pods */,
				AE868A5F0C76F773BBB8FB72 /* Frameworks */,
			);
			sourceTree = "<group>";
		};
		7612210C1FD12928001442A3 /* Products */ = {
			isa = PBXGroup;
			children = (
				7612210B1FD12928001442A3 /* DHUserDefaults.app */,
			);
			name = Products;
			sourceTree = "<group>";
		};
		7612210D1FD12928001442A3 /* DHUserDefaults */ = {
			isa = PBXGroup;
			children = (
				761221241FD12979001442A3 /* DHUserDefaults */,
				7612210E1FD12928001442A3 /* AppDelegate.h */,
				7612210F1FD12928001442A3 /* AppDelegate.m */,
				761221111FD12928001442A3 /* ViewController.h */,
				761221121FD12928001442A3 /* ViewController.m */,
				761221141FD12928001442A3 /* Main.storyboard */,
				761221171FD12928001442A3 /* Assets.xcassets */,
				761221191FD12928001442A3 /* LaunchScreen.storyboard */,
				7612211C1FD12928001442A3 /* Info.plist */,
				7612211D1FD12928001442A3 /* main.m */,
			);
			path = DHUserDefaults;
			sourceTree = "<group>";
		};
		761221241FD12979001442A3 /* DHUserDefaults */ = {
			isa = PBXGroup;
			children = (
				761221251FD12997001442A3 /* DHUserDefaults.h */,
				761221261FD12997001442A3 /* DHUserDefaults.m */,
			);
			path = DHUserDefaults;
			sourceTree = "<group>";
		};
		AE868A5F0C76F773BBB8FB72 /* Frameworks */ = {
			isa = PBXGroup;
			children = (
				C84ADC574AA881C0FC57C893 /* libPods-DHUserDefaults.a */,
			);
			name = Frameworks;
			sourceTree = "<group>";
		};
/* End PBXGroup section */

/* Begin PBXNativeTarget section */
		7612210A1FD12928001442A3 /* DHUserDefaults */ = {
			isa = PBXNativeTarget;
			buildConfigurationList = 761221211FD12928001442A3 /* Build configuration list for PBXNativeTarget "DHUserDefaults" */;
			buildPhases = (
				F9FEF775E0253FBC17C8230D /* [CP] Check Pods Manifest.lock */,
				761221071FD12928001442A3 /* Sources */,
				761221081FD12928001442A3 /* Frameworks */,
				761221091FD12928001442A3 /* Resources */,
				01A639F8FF4642C3E63AFF28 /* [CP] Embed Pods Frameworks */,
				CA072D71BB8CDC4B30A5C7A7 /* [CP] Copy Pods Resources */,
			);
			buildRules = (
			);
			dependencies = (
			);
			name = DHUserDefaults;
			productName = DHUserDefaults;
			productReference = 7612210B1FD12928001442A3 /* DHUserDefaults.app */;
			productType = "com.apple.product-type.application";
		};
/* End PBXNativeTarget section */

/* Begin PBXProject section */
		761221031FD12928001442A3 /* Project object */ = {
			isa = PBXProject;
			attributes = {
				LastUpgradeCheck = 0910;
				ORGANIZATIONNAME = "Kim Do Hyun";
				TargetAttributes = {
					7612210A1FD12928001442A3 = {
						CreatedOnToolsVersion = 9.1;
						ProvisioningStyle = Automatic;
					};
				};
			};
			buildConfigurationList = 761221061FD12928001442A3 /* Build configuration list for PBXProject "DHUserDefaults" */;
			compatibilityVersion = "Xcode 8.0";
			developmentRegion = en;
			hasScannedForEncodings = 0;
			knownRegions = (
				en,
				Base,
			);
			mainGroup = 761221021FD12928001442A3;
			productRefGroup = 7612210C1FD12928001442A3 /* Products */;
			projectDirPath = "";
			projectRoot = "";
			targets = (
				7612210A1FD12928001442A3 /* DHUserDefaults */,
			);
		};
/* End PBXProject section */

/* Begin PBXResourcesBuildPhase section */
		761221091FD12928001442A3 /* Resources */ = {
			isa = PBXResourcesBuildPhase;
			buildActionMask = 2147483647;
			files = (
				7612211B1FD12928001442A3 /* LaunchScreen.storyboard in Resources */,
				761221181FD12928001442A3 /* Assets.xcassets in Resources */,
				761221161FD12928001442A3 /* Main.storyboard in Resources */,
			);
			runOnlyForDeploymentPostprocessing = 0;
		};
/* End PBXResourcesBuildPhase section */

/* Begin PBXShellScriptBuildPhase section */
		01A639F8FF4642C3E63AFF28 /* [CP] Embed Pods Frameworks */ = {
			isa = PBXShellScriptBuildPhase;
			buildActionMask = 2147483647;
			files = (
			);
			inputPaths = (
			);
			name = "[CP] Embed Pods Frameworks";
			outputPaths = (
			);
			runOnlyForDeploymentPostprocessing = 0;
			shellPath = /bin/sh;
			shellScript = "\"${SRCROOT}/Pods/Target Support Files/Pods-DHUserDefaults/Pods-DHUserDefaults-frameworks.sh\"\n";
			showEnvVarsInLog = 0;
		};
		CA072D71BB8CDC4B30A5C7A7 /* [CP] Copy Pods Resources */ = {
			isa = PBXShellScriptBuildPhase;
			buildActionMask = 2147483647;
			files = (
			);
			inputPaths = (
			);
			name = "[CP] Copy Pods Resources";
			outputPaths = (
			);
			runOnlyForDeploymentPostprocessing = 0;
			shellPath = /bin/sh;
			shellScript = "\"${SRCROOT}/Pods/Target Support Files/Pods-DHUserDefaults/Pods-DHUserDefaults-resources.sh\"\n";
			showEnvVarsInLog = 0;
		};
		F9FEF775E0253FBC17C8230D /* [CP] Check Pods Manifest.lock */ = {
			isa = PBXShellScriptBuildPhase;
			buildActionMask = 2147483647;
			files = (
			);
			inputPaths = (
				"${PODS_PODFILE_DIR_PATH}/Podfile.lock",
				"${PODS_ROOT}/Manifest.lock",
			);
			name = "[CP] Check Pods Manifest.lock";
			outputPaths = (
				"$(DERIVED_FILE_DIR)/Pods-DHUserDefaults-checkManifestLockResult.txt",
			);
			runOnlyForDeploymentPostprocessing = 0;
			shellPath = /bin/sh;
			shellScript = "diff \"${PODS_PODFILE_DIR_PATH}/Podfile.lock\" \"${PODS_ROOT}/Manifest.lock\" > /dev/null\nif [ $? != 0 ] ; then\n    # print error to STDERR\n    echo \"error: The sandbox is not in sync with the Podfile.lock. Run 'pod install' or update your CocoaPods installation.\" >&2\n    exit 1\nfi\n# This output is used by Xcode 'outputs' to avoid re-running this script phase.\necho \"SUCCESS\" > \"${SCRIPT_OUTPUT_FILE_0}\"\n";
			showEnvVarsInLog = 0;
		};
/* End PBXShellScriptBuildPhase section */

/* Begin PBXSourcesBuildPhase section */
		761221071FD12928001442A3 /* Sources */ = {
			isa = PBXSourcesBuildPhase;
			buildActionMask = 2147483647;
			files = (
				761221131FD12928001442A3 /* ViewController.m in Sources */,
				7612211E1FD12928001442A3 /* main.m in Sources */,
				761221271FD12997001442A3 /* DHUserDefaults.m in Sources */,
				761221101FD12928001442A3 /* AppDelegate.m in Sources */,
			);
			runOnlyForDeploymentPostprocessing = 0;
		};
/* End PBXSourcesBuildPhase section */

/* Begin PBXVariantGroup section */
		761221141FD12928001442A3 /* Main.storyboard */ = {
			isa = PBXVariantGroup;
			children = (
				761221151FD12928001442A3 /* Base */,
			);
			name = Main.storyboard;
			sourceTree = "<group>";
		};
		761221191FD12928001442A3 /* LaunchScreen.storyboard */ = {
			isa = PBXVariantGroup;
			children = (
				7612211A1FD12928001442A3 /* Base */,
			);
			name = LaunchScreen.storyboard;
			sourceTree = "<group>";
		};
/* End PBXVariantGroup section */

/* Begin XCBuildConfiguration section */
		7612211F1FD12928001442A3 /* Debug */ = {
			isa = XCBuildConfiguration;
			buildSettings = {
				ALWAYS_SEARCH_USER_PATHS = NO;
				CLANG_ANALYZER_NONNULL = YES;
				CLANG_ANALYZER_NUMBER_OBJECT_CONVERSION = YES_AGGRESSIVE;
				CLANG_CXX_LANGUAGE_STANDARD = "gnu++14";
				CLANG_CXX_LIBRARY = "libc++";
				CLANG_ENABLE_MODULES = YES;
				CLANG_ENABLE_OBJC_ARC = YES;
				CLANG_WARN_BLOCK_CAPTURE_AUTORELEASING = YES;
				CLANG_WARN_BOOL_CONVERSION = YES;
				CLANG_WARN_COMMA = YES;
				CLANG_WARN_CONSTANT_CONVERSION = YES;
				CLANG_WARN_DIRECT_OBJC_ISA_USAGE = YES_ERROR;
				CLANG_WARN_DOCUMENTATION_COMMENTS = YES;
				CLANG_WARN_EMPTY_BODY = YES;
				CLANG_WARN_ENUM_CONVERSION = YES;
				CLANG_WARN_INFINITE_RECURSION = YES;
				CLANG_WARN_INT_CONVERSION = YES;
				CLANG_WARN_NON_LITERAL_NULL_CONVERSION = YES;
				CLANG_WARN_OBJC_LITERAL_CONVERSION = YES;
				CLANG_WARN_OBJC_ROOT_CLASS = YES_ERROR;
				CLANG_WARN_RANGE_LOOP_ANALYSIS = YES;
				CLANG_WARN_STRICT_PROTOTYPES = YES;
				CLANG_WARN_SUSPICIOUS_MOVE = YES;
				CLANG_WARN_UNGUARDED_AVAILABILITY = YES_AGGRESSIVE;
				CLANG_WARN_UNREACHABLE_CODE = YES;
				CLANG_WARN__DUPLICATE_METHOD_MATCH = YES;
				CODE_SIGN_IDENTITY = "iPhone Developer";
				COPY_PHASE_STRIP = NO;
				DEBUG_INFORMATION_FORMAT = dwarf;
				ENABLE_STRICT_OBJC_MSGSEND = YES;
				ENABLE_TESTABILITY = YES;
				GCC_C_LANGUAGE_STANDARD = gnu11;
				GCC_DYNAMIC_NO_PIC = NO;
				GCC_NO_COMMON_BLOCKS = YES;
				GCC_OPTIMIZATION_LEVEL = 0;
				GCC_PREPROCESSOR_DEFINITIONS = (
					"DEBUG=1",
					"$(inherited)",
				);
				GCC_WARN_64_TO_32_BIT_CONVERSION = YES;
				GCC_WARN_ABOUT_RETURN_TYPE = YES_ERROR;
				GCC_WARN_UNDECLARED_SELECTOR = YES;
				GCC_WARN_UNINITIALIZED_AUTOS = YES_AGGRESSIVE;
				GCC_WARN_UNUSED_FUNCTION = YES;
				GCC_WARN_UNUSED_VARIABLE = YES;
				IPHONEOS_DEPLOYMENT_TARGET = 11.1;
				MTL_ENABLE_DEBUG_INFO = YES;
				ONLY_ACTIVE_ARCH = YES;
				SDKROOT = iphoneos;
			};
			name = Debug;
		};
		761221201FD12928001442A3 /* Release */ = {
			isa = XCBuildConfiguration;
			buildSettings = {
				ALWAYS_SEARCH_USER_PATHS = NO;
				CLANG_ANALYZER_NONNULL = YES;
				CLANG_ANALYZER_NUMBER_OBJECT_CONVERSION = YES_AGGRESSIVE;
				CLANG_CXX_LANGUAGE_STANDARD = "gnu++14";
				CLANG_CXX_LIBRARY = "libc++";
				CLANG_ENABLE_MODULES = YES;
				CLANG_ENABLE_OBJC_ARC = YES;
				CLANG_WARN_BLOCK_CAPTURE_AUTORELEASING = YES;
				CLANG_WARN_BOOL_CONVERSION = YES;
				CLANG_WARN_COMMA = YES;
				CLANG_WARN_CONSTANT_CONVERSION = YES;
				CLANG_WARN_DIRECT_OBJC_ISA_USAGE = YES_ERROR;
				CLANG_WARN_DOCUMENTATION_COMMENTS = YES;
				CLANG_WARN_EMPTY_BODY = YES;
				CLANG_WARN_ENUM_CONVERSION = YES;
				CLANG_WARN_INFINITE_RECURSION = YES;
				CLANG_WARN_INT_CONVERSION = YES;
				CLANG_WARN_NON_LITERAL_NULL_CONVERSION = YES;
				CLANG_WARN_OBJC_LITERAL_CONVERSION = YES;
				CLANG_WARN_OBJC_ROOT_CLASS = YES_ERROR;
				CLANG_WARN_RANGE_LOOP_ANALYSIS = YES;
				CLANG_WARN_STRICT_PROTOTYPES = YES;
				CLANG_WARN_SUSPICIOUS_MOVE = YES;
				CLANG_WARN_UNGUARDED_AVAILABILITY = YES_AGGRESSIVE;
				CLANG_WARN_UNREACHABLE_CODE = YES;
				CLANG_WARN__DUPLICATE_METHOD_MATCH = YES;
				CODE_SIGN_IDENTITY = "iPhone Developer";
				COPY_PHASE_STRIP = NO;
				DEBUG_INFORMATION_FORMAT = "dwarf-with-dsym";
				ENABLE_NS_ASSERTIONS = NO;
				ENABLE_STRICT_OBJC_MSGSEND = YES;
				GCC_C_LANGUAGE_STANDARD = gnu11;
				GCC_NO_COMMON_BLOCKS = YES;
				GCC_WARN_64_TO_32_BIT_CONVERSION = YES;
				GCC_WARN_ABOUT_RETURN_TYPE = YES_ERROR;
				GCC_WARN_UNDECLARED_SELECTOR = YES;
				GCC_WARN_UNINITIALIZED_AUTOS = YES_AGGRESSIVE;
				GCC_WARN_UNUSED_FUNCTION = YES;
				GCC_WARN_UNUSED_VARIABLE = YES;
				IPHONEOS_DEPLOYMENT_TARGET = 11.1;
				MTL_ENABLE_DEBUG_INFO = NO;
				SDKROOT = iphoneos;
				VALIDATE_PRODUCT = YES;
			};
			name = Release;
		};
		761221221FD12928001442A3 /* Debug */ = {
			isa = XCBuildConfiguration;
			baseConfigurationReference = D6BDB249F8064E52544597B4 /* Pods-DHUserDefaults.debug.xcconfig */;
			buildSettings = {
				ASSETCATALOG_COMPILER_APPICON_NAME = AppIcon;
				CODE_SIGN_STYLE = Automatic;
				DEVELOPMENT_TEAM = SK372DD8K2;
				INFOPLIST_FILE = DHUserDefaults/Info.plist;
				LD_RUNPATH_SEARCH_PATHS = "$(inherited) @executable_path/Frameworks";
				PRODUCT_BUNDLE_IDENTIFIER = com.dohyun.DHUserDefaults;
				PRODUCT_NAME = "$(TARGET_NAME)";
				TARGETED_DEVICE_FAMILY = "1,2";
			};
			name = Debug;
		};
		761221231FD12928001442A3 /* Release */ = {
			isa = XCBuildConfiguration;
			baseConfigurationReference = D5B70E092593D817DEA7EF3F /* Pods-DHUserDefaults.release.xcconfig */;
			buildSettings = {
				ASSETCATALOG_COMPILER_APPICON_NAME = AppIcon;
				CODE_SIGN_STYLE = Automatic;
				DEVELOPMENT_TEAM = SK372DD8K2;
				INFOPLIST_FILE = DHUserDefaults/Info.plist;
				LD_RUNPATH_SEARCH_PATHS = "$(inherited) @executable_path/Frameworks";
				PRODUCT_BUNDLE_IDENTIFIER = com.dohyun.DHUserDefaults;
				PRODUCT_NAME = "$(TARGET_NAME)";
				TARGETED_DEVICE_FAMILY = "1,2";
			};
			name = Release;
		};
/* End XCBuildConfiguration section */

/* Begin XCConfigurationList section */
		761221061FD12928001442A3 /* Build configuration list for PBXProject "DHUserDefaults" */ = {
			isa = XCConfigurationList;
			buildConfigurations = (
				7612211F1FD12928001442A3 /* Debug */,
				761221201FD12928001442A3 /* Release */,
			);
			defaultConfigurationIsVisible = 0;
			defaultConfigurationName = Release;
		};
		761221211FD12928001442A3 /* Build configuration list for PBXNativeTarget "DHUserDefaults" */ = {
			isa = XCConfigurationList;
			buildConfigurations = (
				761221221FD12928001442A3 /* Debug */,
				761221231FD12928001442A3 /* Release */,
			);
			defaultConfigurationIsVisible = 0;
			defaultConfigurationName = Release;
		};
/* End XCConfigurationList section */
	};
	rootObject = 761221031FD12928001442A3 /* Project object */;
}
